
Microsoft Visual Studio Solution File, Format Version 12.00
# Visual Studio Version 16
VisualStudioVersion = 16.0.32106.194
MinimumVisualStudioVersion = 10.0.40219.1
Project("{9092AA53-FB77-4645-B42D-1CCCA6BD08BD}") = "MelonChartChatbot", "MelonChartChatbot.njsproj", "{33FB1D6B-851A-4772-A12D-C9DCB5F4F88D}"
EndProject
Global
	GlobalSection(SolutionConfigurationPlatforms) = preSolution
		Debug|Any CPU = Debug|Any CPU
		Release|Any CPU = Release|Any CPU
	EndGlobalSection
	GlobalSection(ProjectConfigurationPlatforms) = postSolution
		{33FB1D6B-851A-4772-A12D-C9DCB5F4F88D}.Debug|Any CPU.ActiveCfg = Debug|Any CPU
		{33FB1D6B-851A-4772-A12D-C9DCB5F4F88D}.Debug|Any CPU.Build.0 = Debug|Any CPU
		{33FB1D6B-851A-4772-A12D-C9DCB5F4F88D}.Release|Any CPU.ActiveCfg = Release|Any CPU
		{33FB1D6B-851A-4772-A12D-C9DCB5F4F88D}.Release|Any CPU.Build.0 = Release|Any CPU
	EndGlobalSection
	GlobalSection(SolutionProperties) = preSolution
		HideSolutionNode = FALSE
	EndGlobalSection
	GlobalSection(ExtensibilityGlobals) = postSolution
		SolutionGuid = {646A80DF-902A-4423-8C7B-B58669B98D7E}
	EndGlobalSection
EndGlobal
